
Microsoft Visual Studio Solution File, Format Version 12.00
# Visual Studio Version 16
VisualStudioVersion = 16.0.30114.105
MinimumVisualStudioVersion = 10.0.40219.1
Project("{2150E333-8FDC-42A3-9474-1A3956D46DE8}") = "src", "src", "{1B6FE9FE-20E2-4047-8780-53D792CD7A71}"
EndProject
Project("{FAE04EC0-301F-11D3-BF4B-00C04F79EFBC}") = "Demo", "src\Demo\Demo.csproj", "{53B51072-1A5C-4CBB-8E6F-78869D69D17C}"
EndProject
Project("{FAE04EC0-301F-11D3-BF4B-00C04F79EFBC}") = "Fibonacci", "src\Fibonacci\Fibonacci.csproj", "{5413F0AC-D088-4102-AAFB-25FBAAC59DA4}"
EndProject
Project("{FAE04EC0-301F-11D3-BF4B-00C04F79EFBC}") = "Fibonacci.Tests", "tests\Fibonacci.Tests\Fibonacci.Tests.csproj", "{270940A8-CD58-4BD4-AA57-E7F351AF1814}"
EndProject
Project("{FAE04EC0-301F-11D3-BF4B-00C04F79EFBC}") = "Fibonacci.Web", "src\Fibonacci.Web\Fibonacci.Web.csproj", "{FBEBE10C-2B4F-42F1-9CCC-2461291AACA5}"
EndProject
Project("{FAE04EC0-301F-11D3-BF4B-00C04F79EFBC}") = "WebApi", "src\WebApi\WebApi.csproj", "{8E6F1DBB-A3B5-4A8E-B962-3B8F3DE2BBC2}"
EndProject
Global
	GlobalSection(SolutionConfigurationPlatforms) = preSolution
		Debug|Any CPU = Debug|Any CPU
		Release|Any CPU = Release|Any CPU
	EndGlobalSection
	GlobalSection(SolutionProperties) = preSolution
		HideSolutionNode = FALSE
	EndGlobalSection
	GlobalSection(ProjectConfigurationPlatforms) = postSolution
		{53B51072-1A5C-4CBB-8E6F-78869D69D17C}.Debug|Any CPU.ActiveCfg = Debug|Any CPU
		{53B51072-1A5C-4CBB-8E6F-78869D69D17C}.Debug|Any CPU.Build.0 = Debug|Any CPU
		{53B51072-1A5C-4CBB-8E6F-78869D69D17C}.Release|Any CPU.ActiveCfg = Release|Any CPU
		{53B51072-1A5C-4CBB-8E6F-78869D69D17C}.Release|Any CPU.Build.0 = Release|Any CPU
		{5413F0AC-D088-4102-AAFB-25FBAAC59DA4}.Debug|Any CPU.ActiveCfg = Debug|Any CPU
		{5413F0AC-D088-4102-AAFB-25FBAAC59DA4}.Debug|Any CPU.Build.0 = Debug|Any CPU
		{5413F0AC-D088-4102-AAFB-25FBAAC59DA4}.Release|Any CPU.ActiveCfg = Release|Any CPU
		{5413F0AC-D088-4102-AAFB-25FBAAC59DA4}.Release|Any CPU.Build.0 = Release|Any CPU
		{270940A8-CD58-4BD4-AA57-E7F351AF1814}.Debug|Any CPU.ActiveCfg = Debug|Any CPU
		{270940A8-CD58-4BD4-AA57-E7F351AF1814}.Debug|Any CPU.Build.0 = Debug|Any CPU
		{270940A8-CD58-4BD4-AA57-E7F351AF1814}.Release|Any CPU.ActiveCfg = Release|Any CPU
		{270940A8-CD58-4BD4-AA57-E7F351AF1814}.Release|Any CPU.Build.0 = Release|Any CPU
		{FBEBE10C-2B4F-42F1-9CCC-2461291AACA5}.Debug|Any CPU.ActiveCfg = Debug|Any CPU
		{FBEBE10C-2B4F-42F1-9CCC-2461291AACA5}.Debug|Any CPU.Build.0 = Debug|Any CPU
		{FBEBE10C-2B4F-42F1-9CCC-2461291AACA5}.Release|Any CPU.ActiveCfg = Release|Any CPU
		{FBEBE10C-2B4F-42F1-9CCC-2461291AACA5}.Release|Any CPU.Build.0 = Release|Any CPU
		{8E6F1DBB-A3B5-4A8E-B962-3B8F3DE2BBC2}.Debug|Any CPU.ActiveCfg = Debug|Any CPU
		{8E6F1DBB-A3B5-4A8E-B962-3B8F3DE2BBC2}.Debug|Any CPU.Build.0 = Debug|Any CPU
		{8E6F1DBB-A3B5-4A8E-B962-3B8F3DE2BBC2}.Release|Any CPU.ActiveCfg = Release|Any CPU
		{8E6F1DBB-A3B5-4A8E-B962-3B8F3DE2BBC2}.Release|Any CPU.Build.0 = Release|Any CPU
	EndGlobalSection
	GlobalSection(NestedProjects) = preSolution
		{53B51072-1A5C-4CBB-8E6F-78869D69D17C} = {1B6FE9FE-20E2-4047-8780-53D792CD7A71}
		{5413F0AC-D088-4102-AAFB-25FBAAC59DA4} = {1B6FE9FE-20E2-4047-8780-53D792CD7A71}
	EndGlobalSection
EndGlobal
